
Microsoft Visual Studio Solution File, Format Version 12.00
Project("{FAE04EC0-301F-11D3-BF4B-00C04F79EFBC}") = "Censor01", "Censor01\Censor01.csproj", "{1B012CB0-1A3E-469C-8774-18EA7C031D95}"
EndProject
Project("{FAE04EC0-301F-11D3-BF4B-00C04F79EFBC}") = "Lib", "Lib\Lib.csproj", "{04028148-D5C5-4DD8-B39D-E07FC3192D3C}"
EndProject
Global
	GlobalSection(SolutionConfigurationPlatforms) = preSolution
		Debug|Any CPU = Debug|Any CPU
		Release|Any CPU = Release|Any CPU
	EndGlobalSection
	GlobalSection(ProjectConfigurationPlatforms) = postSolution
		{1B012CB0-1A3E-469C-8774-18EA7C031D95}.Debug|Any CPU.ActiveCfg = Debug|Any CPU
		{1B012CB0-1A3E-469C-8774-18EA7C031D95}.Debug|Any CPU.Build.0 = Debug|Any CPU
		{1B012CB0-1A3E-469C-8774-18EA7C031D95}.Release|Any CPU.ActiveCfg = Release|Any CPU
		{1B012CB0-1A3E-469C-8774-18EA7C031D95}.Release|Any CPU.Build.0 = Release|Any CPU
		{04028148-D5C5-4DD8-B39D-E07FC3192D3C}.Debug|Any CPU.ActiveCfg = Debug|Any CPU
		{04028148-D5C5-4DD8-B39D-E07FC3192D3C}.Debug|Any CPU.Build.0 = Debug|Any CPU
		{04028148-D5C5-4DD8-B39D-E07FC3192D3C}.Release|Any CPU.ActiveCfg = Release|Any CPU
		{04028148-D5C5-4DD8-B39D-E07FC3192D3C}.Release|Any CPU.Build.0 = Release|Any CPU
	EndGlobalSection
EndGlobal
